
Microsoft Visual Studio Solution File, Format Version 12.00
Project("{FAE04EC0-301F-11D3-BF4B-00C04F79EFBC}") = "ContactManager.Api", "ContactManager.Api\ContactManager.Api.csproj", "{DC167D48-FCB9-4B37-AA83-B32D6D3DD5C5}"
EndProject
Project("{FAE04EC0-301F-11D3-BF4B-00C04F79EFBC}") = "ContactManager.Test", "ContactManager.Test\ContactManager.Test.csproj", "{39CE60DF-A5FA-42B5-BDD2-01F73560A9CE}"
EndProject
Project("{FAE04EC0-301F-11D3-BF4B-00C04F79EFBC}") = "ContactManager.Entities", "ContactManager.Entities\ContactManager.Entities.csproj", "{64FC865F-D829-4D61-A0D1-FB2E0EAD8D27}"
EndProject
Project("{FAE04EC0-301F-11D3-BF4B-00C04F79EFBC}") = "ContactManager.ServiceContracts", "ContactManager.ServiceContracts\ContactManager.ServiceContracts.csproj", "{E8A5FF7C-829D-4D78-AA15-F7A0875E2A64}"
EndProject
Project("{FAE04EC0-301F-11D3-BF4B-00C04F79EFBC}") = "ContactManager.Services", "ContactManager.Services\ContactManager.Services.csproj", "{0DCBACB7-9128-45DA-BA30-6319B784DF68}"
EndProject
Global
	GlobalSection(SolutionConfigurationPlatforms) = preSolution
		Debug|Any CPU = Debug|Any CPU
		Release|Any CPU = Release|Any CPU
	EndGlobalSection
	GlobalSection(ProjectConfigurationPlatforms) = postSolution
		{DC167D48-FCB9-4B37-AA83-B32D6D3DD5C5}.Debug|Any CPU.ActiveCfg = Debug|Any CPU
		{DC167D48-FCB9-4B37-AA83-B32D6D3DD5C5}.Debug|Any CPU.Build.0 = Debug|Any CPU
		{DC167D48-FCB9-4B37-AA83-B32D6D3DD5C5}.Release|Any CPU.ActiveCfg = Release|Any CPU
		{DC167D48-FCB9-4B37-AA83-B32D6D3DD5C5}.Release|Any CPU.Build.0 = Release|Any CPU
		{39CE60DF-A5FA-42B5-BDD2-01F73560A9CE}.Debug|Any CPU.ActiveCfg = Debug|Any CPU
		{39CE60DF-A5FA-42B5-BDD2-01F73560A9CE}.Debug|Any CPU.Build.0 = Debug|Any CPU
		{39CE60DF-A5FA-42B5-BDD2-01F73560A9CE}.Release|Any CPU.ActiveCfg = Release|Any CPU
		{39CE60DF-A5FA-42B5-BDD2-01F73560A9CE}.Release|Any CPU.Build.0 = Release|Any CPU
		{64FC865F-D829-4D61-A0D1-FB2E0EAD8D27}.Debug|Any CPU.ActiveCfg = Debug|Any CPU
		{64FC865F-D829-4D61-A0D1-FB2E0EAD8D27}.Debug|Any CPU.Build.0 = Debug|Any CPU
		{64FC865F-D829-4D61-A0D1-FB2E0EAD8D27}.Release|Any CPU.ActiveCfg = Release|Any CPU
		{64FC865F-D829-4D61-A0D1-FB2E0EAD8D27}.Release|Any CPU.Build.0 = Release|Any CPU
		{E8A5FF7C-829D-4D78-AA15-F7A0875E2A64}.Debug|Any CPU.ActiveCfg = Debug|Any CPU
		{E8A5FF7C-829D-4D78-AA15-F7A0875E2A64}.Debug|Any CPU.Build.0 = Debug|Any CPU
		{E8A5FF7C-829D-4D78-AA15-F7A0875E2A64}.Release|Any CPU.ActiveCfg = Release|Any CPU
		{E8A5FF7C-829D-4D78-AA15-F7A0875E2A64}.Release|Any CPU.Build.0 = Release|Any CPU
		{0DCBACB7-9128-45DA-BA30-6319B784DF68}.Debug|Any CPU.ActiveCfg = Debug|Any CPU
		{0DCBACB7-9128-45DA-BA30-6319B784DF68}.Debug|Any CPU.Build.0 = Debug|Any CPU
		{0DCBACB7-9128-45DA-BA30-6319B784DF68}.Release|Any CPU.ActiveCfg = Release|Any CPU
		{0DCBACB7-9128-45DA-BA30-6319B784DF68}.Release|Any CPU.Build.0 = Release|Any CPU
	EndGlobalSection
EndGlobal
